// !$*UTF8*$!
{
	archiveVersion = 1;
	classes = {
	};
	objectVersion = 51;
	objects = {

/* Begin PBXBuildFile section */
		3A2348D52459BE4F0026304B /* AppDelegate.swift in Sources */ = {isa = PBXBuildFile; fileRef = 3A2348D42459BE4F0026304B /* AppDelegate.swift */; };
		3A2348D72459BE4F0026304B /* SceneDelegate.swift in Sources */ = {isa = PBXBuildFile; fileRef = 3A2348D62459BE4F0026304B /* SceneDelegate.swift */; };
		3A2348D92459BE4F0026304B /* ViewController.swift in Sources */ = {isa = PBXBuildFile; fileRef = 3A2348D82459BE4F0026304B /* ViewController.swift */; };
		3A2348DC2459BE4F0026304B /* Main.storyboard in Resources */ = {isa = PBXBuildFile; fileRef = 3A2348DA2459BE4F0026304B /* Main.storyboard */; };
		3A2348DE2459BE540026304B /* Assets.xcassets in Resources */ = {isa = PBXBuildFile; fileRef = 3A2348DD2459BE540026304B /* Assets.xcassets */; };
		3A2348E12459BE540026304B /* LaunchScreen.storyboard in Resources */ = {isa = PBXBuildFile; fileRef = 3A2348DF2459BE540026304B /* LaunchScreen.storyboard */; };
		3AE8B198247B2D840068E12A /* UIImage+Extension.swift in Sources */ = {isa = PBXBuildFile; fileRef = 3AE8B197247B2D840068E12A /* UIImage+Extension.swift */; };
		3AE8B19A247B31D70068E12A /* UIView+Extension.swift in Sources */ = {isa = PBXBuildFile; fileRef = 3AE8B199247B31D70068E12A /* UIView+Extension.swift */; };
		F364879533C72BBA37760DCF /* Pods_AceQR.framework in Frameworks */ = {isa = PBXBuildFile; fileRef = BC3EEB3CD7F83C12E4DADCEE /* Pods_AceQR.framework */; };
/* End PBXBuildFile section */

/* Begin PBXFileReference section */
		120B3234AB036C50EF333D51 /* Pods-AceQR.debug.xcconfig */ = {isa = PBXFileReference; includeInIndex = 1; lastKnownFileType = text.xcconfig; name = "Pods-AceQR.debug.xcconfig"; path = "Target Support Files/Pods-AceQR/Pods-AceQR.debug.xcconfig"; sourceTree = "<group>"; };
		3A2348D12459BE4F0026304B /* AceQR.app */ = {isa = PBXFileReference; explicitFileType = wrapper.application; includeInIndex = 0; path = AceQR.app; sourceTree = BUILT_PRODUCTS_DIR; };
		3A2348D42459BE4F0026304B /* AppDelegate.swift */ = {isa = PBXFileReference; lastKnownFileType = sourcecode.swift; path = AppDelegate.swift; sourceTree = "<group>"; };
		3A2348D62459BE4F0026304B /* SceneDelegate.swift */ = {isa = PBXFileReference; lastKnownFileType = sourcecode.swift; path = SceneDelegate.swift; sourceTree = "<group>"; };
		3A2348D82459BE4F0026304B /* ViewController.swift */ = {isa = PBXFileReference; lastKnownFileType = sourcecode.swift; path = ViewController.swift; sourceTree = "<group>"; };
		3A2348DB2459BE4F0026304B /* Base */ = {isa = PBXFileReference; lastKnownFileType = file.storyboard; name = Base; path = Base.lproj/Main.storyboard; sourceTree = "<group>"; };
		3A2348DD2459BE540026304B /* Assets.xcassets */ = {isa = PBXFileReference; lastKnownFileType = folder.assetcatalog; path = Assets.xcassets; sourceTree = "<group>"; };
		3A2348E02459BE540026304B /* Base */ = {isa = PBXFileReference; lastKnownFileType = file.storyboard; name = Base; path = Base.lproj/LaunchScreen.storyboard; sourceTree = "<group>"; };
		3A2348E22459BE540026304B /* Info.plist */ = {isa = PBXFileReference; lastKnownFileType = text.plist.xml; path = Info.plist; sourceTree = "<group>"; };
		3AE8B197247B2D840068E12A /* UIImage+Extension.swift */ = {isa = PBXFileReference; lastKnownFileType = sourcecode.swift; path = "UIImage+Extension.swift"; sourceTree = "<group>"; };
		3AE8B199247B31D70068E12A /* UIView+Extension.swift */ = {isa = PBXFileReference; lastKnownFileType = sourcecode.swift; path = "UIView+Extension.swift"; sourceTree = "<group>"; };
		453EC0B0E9130C9922AAB758 /* Pods-AceQR.release.xcconfig */ = {isa = PBXFileReference; includeInIndex = 1; lastKnownFileType = text.xcconfig; name = "Pods-AceQR.release.xcconfig"; path = "Target Support Files/Pods-AceQR/Pods-AceQR.release.xcconfig"; sourceTree = "<group>"; };
		BC3EEB3CD7F83C12E4DADCEE /* Pods_AceQR.framework */ = {isa = PBXFileReference; explicitFileType = wrapper.framework; includeInIndex = 0; path = Pods_AceQR.framework; sourceTree = BUILT_PRODUCTS_DIR; };
/* End PBXFileReference section */

/* Begin PBXFrameworksBuildPhase section */
		3A2348CE2459BE4F0026304B /* Frameworks */ = {
			isa = PBXFrameworksBuildPhase;
			buildActionMask = 2147483647;
			files = (
				F364879533C72BBA37760DCF /* Pods_AceQR.framework in Frameworks */,
			);
			runOnlyForDeploymentPostprocessing = 0;
		};
/* End PBXFrameworksBuildPhase section */

/* Begin PBXGroup section */
		3A2348C82459BE4F0026304B = {
			isa = PBXGroup;
			children = (
				3A2348D32459BE4F0026304B /* AceQR */,
				3A2348D22459BE4F0026304B /* Products */,
				AEE847129F73E4D961BFDE36 /* Pods */,
				56568E036A35102C66F8BB7B /* Frameworks */,
			);
			sourceTree = "<group>";
		};
		3A2348D22459BE4F0026304B /* Products */ = {
			isa = PBXGroup;
			children = (
				3A2348D12459BE4F0026304B /* AceQR.app */,
			);
			name = Products;
			sourceTree = "<group>";
		};
		3A2348D32459BE4F0026304B /* AceQR */ = {
			isa = PBXGroup;
			children = (
				3A2348D42459BE4F0026304B /* AppDelegate.swift */,
				3A2348D62459BE4F0026304B /* SceneDelegate.swift */,
				3A2348D82459BE4F0026304B /* ViewController.swift */,
				3AE8B197247B2D840068E12A /* UIImage+Extension.swift */,
				3AE8B199247B31D70068E12A /* UIView+Extension.swift */,
				3A2348DA2459BE4F0026304B /* Main.storyboard */,
				3A2348DD2459BE540026304B /* Assets.xcassets */,
				3A2348DF2459BE540026304B /* LaunchScreen.storyboard */,
				3A2348E22459BE540026304B /* Info.plist */,
			);
			path = AceQR;
			sourceTree = "<group>";
		};
		56568E036A35102C66F8BB7B /* Frameworks */ = {
			isa = PBXGroup;
			children = (
				BC3EEB3CD7F83C12E4DADCEE /* Pods_AceQR.framework */,
			);
			name = Frameworks;
			sourceTree = "<group>";
		};
		AEE847129F73E4D961BFDE36 /* Pods */ = {
			isa = PBXGroup;
			children = (
				120B3234AB036C50EF333D51 /* Pods-AceQR.debug.xcconfig */,
				453EC0B0E9130C9922AAB758 /* Pods-AceQR.release.xcconfig */,
			);
			path = Pods;
			sourceTree = "<group>";
		};
/* End PBXGroup section */

/* Begin PBXNativeTarget section */
		3A2348D02459BE4F0026304B /* AceQR */ = {
			isa = PBXNativeTarget;
			buildConfigurationList = 3A2348E52459BE540026304B /* Build configuration list for PBXNativeTarget "AceQR" */;
			buildPhases = (
				CF784A08CE37210130EEDCF5 /* [CP] Check Pods Manifest.lock */,
				3A2348CD2459BE4F0026304B /* Sources */,
				3A2348CE2459BE4F0026304B /* Frameworks */,
				3A2348CF2459BE4F0026304B /* Resources */,
				CAA72C96F7A80CDE2EFFDCDF /* [CP] Embed Pods Frameworks */,
			);
			buildRules = (
			);
			dependencies = (
			);
			name = AceQR;
			productName = AceQR;
			productReference = 3A2348D12459BE4F0026304B /* AceQR.app */;
			productType = "com.apple.product-type.application";
		};
/* End PBXNativeTarget section */

/* Begin PBXProject section */
		3A2348C92459BE4F0026304B /* Project object */ = {
			isa = PBXProject;
			attributes = {
				LastSwiftUpdateCheck = 1140;
				LastUpgradeCheck = 1140;
				ORGANIZATIONNAME = "Roman Rakhlin";
				TargetAttributes = {
					3A2348D02459BE4F0026304B = {
						CreatedOnToolsVersion = 11.4.1;
					};
				};
			};
			buildConfigurationList = 3A2348CC2459BE4F0026304B /* Build configuration list for PBXProject "AceQR" */;
			compatibilityVersion = "Xcode 9.3";
			developmentRegion = en;
			hasScannedForEncodings = 0;
			knownRegions = (
				en,
				Base,
			);
			mainGroup = 3A2348C82459BE4F0026304B;
			productRefGroup = 3A2348D22459BE4F0026304B /* Products */;
			projectDirPath = "";
			projectRoot = "";
			targets = (
				3A2348D02459BE4F0026304B /* AceQR */,
			);
		};
/* End PBXProject section */

/* Begin PBXResourcesBuildPhase section */
		3A2348CF2459BE4F0026304B /* Resources */ = {
			isa = PBXResourcesBuildPhase;
			buildActionMask = 2147483647;
			files = (
				3A2348E12459BE540026304B /* LaunchScreen.storyboard in Resources */,
				3A2348DE2459BE540026304B /* Assets.xcassets in Resources */,
				3A2348DC2459BE4F0026304B /* Main.storyboard in Resources */,
			);
			runOnlyForDeploymentPostprocessing = 0;
		};
/* End PBXResourcesBuildPhase section */

/* Begin PBXShellScriptBuildPhase section */
		CAA72C96F7A80CDE2EFFDCDF /* [CP] Embed Pods Frameworks */ = {
			isa = PBXShellScriptBuildPhase;
			buildActionMask = 2147483647;
			files = (
			);
			inputFileListPaths = (
				"${PODS_ROOT}/Target Support Files/Pods-AceQR/Pods-AceQR-frameworks-${CONFIGURATION}-input-files.xcfilelist",
			);
			name = "[CP] Embed Pods Frameworks";
			outputFileListPaths = (
				"${PODS_ROOT}/Target Support Files/Pods-AceQR/Pods-AceQR-frameworks-${CONFIGURATION}-output-files.xcfilelist",
			);
			runOnlyForDeploymentPostprocessing = 0;
			shellPath = /bin/sh;
			shellScript = "\"${PODS_ROOT}/Target Support Files/Pods-AceQR/Pods-AceQR-frameworks.sh\"\n";
			showEnvVarsInLog = 0;
		};
		CF784A08CE37210130EEDCF5 /* [CP] Check Pods Manifest.lock */ = {
			isa = PBXShellScriptBuildPhase;
			buildActionMask = 2147483647;
			files = (
			);
			inputFileListPaths = (
			);
			inputPaths = (
				"${PODS_PODFILE_DIR_PATH}/Podfile.lock",
				"${PODS_ROOT}/Manifest.lock",
			);
			name = "[CP] Check Pods Manifest.lock";
			outputFileListPaths = (
			);
			outputPaths = (
				"$(DERIVED_FILE_DIR)/Pods-AceQR-checkManifestLockResult.txt",
			);
			runOnlyForDeploymentPostprocessing = 0;
			shellPath = /bin/sh;
			shellScript = "diff \"${PODS_PODFILE_DIR_PATH}/Podfile.lock\" \"${PODS_ROOT}/Manifest.lock\" > /dev/null\nif [ $? != 0 ] ; then\n    # print error to STDERR\n    echo \"error: The sandbox is not in sync with the Podfile.lock. Run 'pod install' or update your CocoaPods installation.\" >&2\n    exit 1\nfi\n# This output is used by Xcode 'outputs' to avoid re-running this script phase.\necho \"SUCCESS\" > \"${SCRIPT_OUTPUT_FILE_0}\"\n";
			showEnvVarsInLog = 0;
		};
/* End PBXShellScriptBuildPhase section */

/* Begin PBXSourcesBuildPhase section */
		3A2348CD2459BE4F0026304B /* Sources */ = {
			isa = PBXSourcesBuildPhase;
			buildActionMask = 2147483647;
			files = (
				3A2348D92459BE4F0026304B /* ViewController.swift in Sources */,
				3A2348D52459BE4F0026304B /* AppDelegate.swift in Sources */,
				3A2348D72459BE4F0026304B /* SceneDelegate.swift in Sources */,
				3AE8B19A247B31D70068E12A /* UIView+Extension.swift in Sources */,
				3AE8B198247B2D840068E12A /* UIImage+Extension.swift in Sources */,
			);
			runOnlyForDeploymentPostprocessing = 0;
		};
/* End PBXSourcesBuildPhase section */

/* Begin PBXVariantGroup section */
		3A2348DA2459BE4F0026304B /* Main.storyboard */ = {
			isa = PBXVariantGroup;
			children = (
				3A2348DB2459BE4F0026304B /* Base */,
			);
			name = Main.storyboard;
			sourceTree = "<group>";
		};
		3A2348DF2459BE540026304B /* LaunchScreen.storyboard */ = {
			isa = PBXVariantGroup;
			children = (
				3A2348E02459BE540026304B /* Base */,
			);
			name = LaunchScreen.storyboard;
			sourceTree = "<group>";
		};
/* End PBXVariantGroup section */

/* Begin XCBuildConfiguration section */
		3A2348E32459BE540026304B /* Debug */ = {
			isa = XCBuildConfiguration;
			buildSettings = {
				ALWAYS_SEARCH_USER_PATHS = NO;
				CLANG_ANALYZER_NONNULL = YES;
				CLANG_ANALYZER_NUMBER_OBJECT_CONVERSION = YES_AGGRESSIVE;
				CLANG_CXX_LANGUAGE_STANDARD = "gnu++14";
				CLANG_CXX_LIBRARY = "libc++";
				CLANG_ENABLE_MODULES = YES;
				CLANG_ENABLE_OBJC_ARC = YES;
				CLANG_ENABLE_OBJC_WEAK = YES;
				CLANG_WARN_BLOCK_CAPTURE_AUTORELEASING = YES;
				CLANG_WARN_BOOL_CONVERSION = YES;
				CLANG_WARN_COMMA = YES;
				CLANG_WARN_CONSTANT_CONVERSION = YES;
				CLANG_WARN_DEPRECATED_OBJC_IMPLEMENTATIONS = YES;
				CLANG_WARN_DIRECT_OBJC_ISA_USAGE = YES_ERROR;
				CLANG_WARN_DOCUMENTATION_COMMENTS = YES;
				CLANG_WARN_EMPTY_BODY = YES;
				CLANG_WARN_ENUM_CONVERSION = YES;
				CLANG_WARN_INFINITE_RECURSION = YES;
				CLANG_WARN_INT_CONVERSION = YES;
				CLANG_WARN_NON_LITERAL_NULL_CONVERSION = YES;
				CLANG_WARN_OBJC_IMPLICIT_RETAIN_SELF = YES;
				CLANG_WARN_OBJC_LITERAL_CONVERSION = YES;
				CLANG_WARN_OBJC_ROOT_CLASS = YES_ERROR;
				CLANG_WARN_RANGE_LOOP_ANALYSIS = YES;
				CLANG_WARN_STRICT_PROTOTYPES = YES;
				CLANG_WARN_SUSPICIOUS_MOVE = YES;
				CLANG_WARN_UNGUARDED_AVAILABILITY = YES_AGGRESSIVE;
				CLANG_WARN_UNREACHABLE_CODE = YES;
				CLANG_WARN__DUPLICATE_METHOD_MATCH = YES;
				COPY_PHASE_STRIP = NO;
				DEBUG_INFORMATION_FORMAT = dwarf;
				ENABLE_STRICT_OBJC_MSGSEND = YES;
				ENABLE_TESTABILITY = YES;
				GCC_C_LANGUAGE_STANDARD = gnu11;
				GCC_DYNAMIC_NO_PIC = NO;
				GCC_NO_COMMON_BLOCKS = YES;
				GCC_OPTIMIZATION_LEVEL = 0;
				GCC_PREPROCESSOR_DEFINITIONS = (
					"DEBUG=1",
					"$(inherited)",
				);
				GCC_WARN_64_TO_32_BIT_CONVERSION = YES;
				GCC_WARN_ABOUT_RETURN_TYPE = YES_ERROR;
				GCC_WARN_UNDECLARED_SELECTOR = YES;
				GCC_WARN_UNINITIALIZED_AUTOS = YES_AGGRESSIVE;
				GCC_WARN_UNUSED_FUNCTION = YES;
				GCC_WARN_UNUSED_VARIABLE = YES;
				IPHONEOS_DEPLOYMENT_TARGET = 13.4;
				MTL_ENABLE_DEBUG_INFO = INCLUDE_SOURCE;
				MTL_FAST_MATH = YES;
				ONLY_ACTIVE_ARCH = YES;
				SDKROOT = iphoneos;
				SWIFT_ACTIVE_COMPILATION_CONDITIONS = DEBUG;
				SWIFT_OPTIMIZATION_LEVEL = "-Onone";
			};
			name = Debug;
		};
		3A2348E42459BE540026304B /* Release */ = {
			isa = XCBuildConfiguration;
			buildSettings = {
				ALWAYS_SEARCH_USER_PATHS = NO;
				CLANG_ANALYZER_NONNULL = YES;
				CLANG_ANALYZER_NUMBER_OBJECT_CONVERSION = YES_AGGRESSIVE;
				CLANG_CXX_LANGUAGE_STANDARD = "gnu++14";
				CLANG_CXX_LIBRARY = "libc++";
				CLANG_ENABLE_MODULES = YES;
				CLANG_ENABLE_OBJC_ARC = YES;
				CLANG_ENABLE_OBJC_WEAK = YES;
				CLANG_WARN_BLOCK_CAPTURE_AUTORELEASING = YES;
				CLANG_WARN_BOOL_CONVERSION = YES;
				CLANG_WARN_COMMA = YES;
				CLANG_WARN_CONSTANT_CONVERSION = YES;
				CLANG_WARN_DEPRECATED_OBJC_IMPLEMENTATIONS = YES;
				CLANG_WARN_DIRECT_OBJC_ISA_USAGE = YES_ERROR;
				CLANG_WARN_DOCUMENTATION_COMMENTS = YES;
				CLANG_WARN_EMPTY_BODY = YES;
				CLANG_WARN_ENUM_CONVERSION = YES;
				CLANG_WARN_INFINITE_RECURSION = YES;
				CLANG_WARN_INT_CONVERSION = YES;
				CLANG_WARN_NON_LITERAL_NULL_CONVERSION = YES;
				CLANG_WARN_OBJC_IMPLICIT_RETAIN_SELF = YES;
				CLANG_WARN_OBJC_LITERAL_CONVERSION = YES;
				CLANG_WARN_OBJC_ROOT_CLASS = YES_ERROR;
				CLANG_WARN_RANGE_LOOP_ANALYSIS = YES;
				CLANG_WARN_STRICT_PROTOTYPES = YES;
				CLANG_WARN_SUSPICIOUS_MOVE = YES;
				CLANG_WARN_UNGUARDED_AVAILABILITY = YES_AGGRESSIVE;
				CLANG_WARN_UNREACHABLE_CODE = YES;
				CLANG_WARN__DUPLICATE_METHOD_MATCH = YES;
				COPY_PHASE_STRIP = NO;
				DEBUG_INFORMATION_FORMAT = "dwarf-with-dsym";
				ENABLE_NS_ASSERTIONS = NO;
				ENABLE_STRICT_OBJC_MSGSEND = YES;
				GCC_C_LANGUAGE_STANDARD = gnu11;
				GCC_NO_COMMON_BLOCKS = YES;
				GCC_WARN_64_TO_32_BIT_CONVERSION = YES;
				GCC_WARN_ABOUT_RETURN_TYPE = YES_ERROR;
				GCC_WARN_UNDECLARED_SELECTOR = YES;
				GCC_WARN_UNINITIALIZED_AUTOS = YES_AGGRESSIVE;
				GCC_WARN_UNUSED_FUNCTION = YES;
				GCC_WARN_UNUSED_VARIABLE = YES;
				IPHONEOS_DEPLOYMENT_TARGET = 13.4;
				MTL_ENABLE_DEBUG_INFO = NO;
				MTL_FAST_MATH = YES;
				SDKROOT = iphoneos;
				SWIFT_COMPILATION_MODE = wholemodule;
				SWIFT_OPTIMIZATION_LEVEL = "-O";
				VALIDATE_PRODUCT = YES;
			};
			name = Release;
		};
		3A2348E62459BE540026304B /* Debug */ = {
			isa = XCBuildConfiguration;
			baseConfigurationReference = 120B3234AB036C50EF333D51 /* Pods-AceQR.debug.xcconfig */;
			buildSettings = {
				ASSETCATALOG_COMPILER_APPICON_NAME = AppIcon;
				CODE_SIGN_STYLE = Automatic;
				DEVELOPMENT_TEAM = 3868R87QJX;
				INFOPLIST_FILE = AceQR/Info.plist;
				LD_RUNPATH_SEARCH_PATHS = (
					"$(inherited)",
					"@executable_path/Frameworks",
				);
				PRODUCT_BUNDLE_IDENTIFIER = com.rrakhlin.AceQR;
				PRODUCT_NAME = "$(TARGET_NAME)";
				SWIFT_VERSION = 5.0;
				TARGETED_DEVICE_FAMILY = "1,2";
			};
			name = Debug;
		};
		3A2348E72459BE540026304B /* Release */ = {
			isa = XCBuildConfiguration;
			baseConfigurationReference = 453EC0B0E9130C9922AAB758 /* Pods-AceQR.release.xcconfig */;
			buildSettings = {
				ASSETCATALOG_COMPILER_APPICON_NAME = AppIcon;
				CODE_SIGN_STYLE = Automatic;
				DEVELOPMENT_TEAM = 3868R87QJX;
				INFOPLIST_FILE = AceQR/Info.plist;
				LD_RUNPATH_SEARCH_PATHS = (
					"$(inherited)",
					"@executable_path/Frameworks",
				);
				PRODUCT_BUNDLE_IDENTIFIER = com.rrakhlin.AceQR;
				PRODUCT_NAME = "$(TARGET_NAME)";
				SWIFT_VERSION = 5.0;
				TARGETED_DEVICE_FAMILY = "1,2";
			};
			name = Release;
		};
/* End XCBuildConfiguration section */

/* Begin XCConfigurationList section */
		3A2348CC2459BE4F0026304B /* Build configuration list for PBXProject "AceQR" */ = {
			isa = XCConfigurationList;
			buildConfigurations = (
				3A2348E32459BE540026304B /* Debug */,
				3A2348E42459BE540026304B /* Release */,
			);
			defaultConfigurationIsVisible = 0;
			defaultConfigurationName = Release;
		};
		3A2348E52459BE540026304B /* Build configuration list for PBXNativeTarget "AceQR" */ = {
			isa = XCConfigurationList;
			buildConfigurations = (
				3A2348E62459BE540026304B /* Debug */,
				3A2348E72459BE540026304B /* Release */,
			);
			defaultConfigurationIsVisible = 0;
			defaultConfigurationName = Release;
		};
/* End XCConfigurationList section */
	};
	rootObject = 3A2348C92459BE4F0026304B /* Project object */;
}
